
Microsoft Visual Studio Solution File, Format Version 12.00
# Visual Studio Version 16
VisualStudioVersion = 16.0.30204.135
MinimumVisualStudioVersion = 10.0.40219.1
Project("{FAE04EC0-301F-11D3-BF4B-00C04F79EFBC}") = "problemset1", "problemset1.csproj", "{543ED5DF-3B85-4D4C-8175-B475395EF841}"
EndProject
Global
	GlobalSection(SolutionConfigurationPlatforms) = preSolution
		Debug|Any CPU = Debug|Any CPU
		Release|Any CPU = Release|Any CPU
	EndGlobalSection
	GlobalSection(ProjectConfigurationPlatforms) = postSolution
		{543ED5DF-3B85-4D4C-8175-B475395EF841}.Debug|Any CPU.ActiveCfg = Debug|Any CPU
		{543ED5DF-3B85-4D4C-8175-B475395EF841}.Debug|Any CPU.Build.0 = Debug|Any CPU
		{543ED5DF-3B85-4D4C-8175-B475395EF841}.Release|Any CPU.ActiveCfg = Release|Any CPU
		{543ED5DF-3B85-4D4C-8175-B475395EF841}.Release|Any CPU.Build.0 = Release|Any CPU
	EndGlobalSection
	GlobalSection(SolutionProperties) = preSolution
		HideSolutionNode = FALSE
	EndGlobalSection
	GlobalSection(ExtensibilityGlobals) = postSolution
		SolutionGuid = {9C71A273-AE8C-4615-A8F5-F7CC0E2BEBB5}
	EndGlobalSection
EndGlobal
